
Microsoft Visual Studio Solution File, Format Version 12.00
# Visual Studio Version 16
VisualStudioVersion = 16.0.29403.142
MinimumVisualStudioVersion = 10.0.40219.1
Project("{FAE04EC0-301F-11D3-BF4B-00C04F79EFBC}") = "CalcVolume2", "CalcVolume2\CalcVolume2.csproj", "{513FDB26-B487-4569-AAA2-E741048B4816}"
EndProject
Global
	GlobalSection(SolutionConfigurationPlatforms) = preSolution
		Debug|Any CPU = Debug|Any CPU
		Release|Any CPU = Release|Any CPU
	EndGlobalSection
	GlobalSection(ProjectConfigurationPlatforms) = postSolution
		{513FDB26-B487-4569-AAA2-E741048B4816}.Debug|Any CPU.ActiveCfg = Debug|Any CPU
		{513FDB26-B487-4569-AAA2-E741048B4816}.Debug|Any CPU.Build.0 = Debug|Any CPU
		{513FDB26-B487-4569-AAA2-E741048B4816}.Release|Any CPU.ActiveCfg = Release|Any CPU
		{513FDB26-B487-4569-AAA2-E741048B4816}.Release|Any CPU.Build.0 = Release|Any CPU
	EndGlobalSection
	GlobalSection(SolutionProperties) = preSolution
		HideSolutionNode = FALSE
	EndGlobalSection
	GlobalSection(ExtensibilityGlobals) = postSolution
		SolutionGuid = {D8ECB069-0F7E-4B41-A323-190AEB6DA181}
	EndGlobalSection
EndGlobal
